
Microsoft Visual Studio Solution File, Format Version 12.00
# Visual Studio Version 17
VisualStudioVersion = 17.3.32825.248
MinimumVisualStudioVersion = 10.0.40219.1
Project("{9A19103F-16F7-4668-BE54-9A1E7A4F7556}") = "Codeforcessolutions", "Codeforcessolutions.csproj", "{EE2E0693-22DD-452B-9B81-1517084562F0}"
	ProjectSection(ProjectDependencies) = postProject
		{FAF2B493-4F37-4086-8418-EDEF77D99695} = {FAF2B493-4F37-4086-8418-EDEF77D99695}
	EndProjectSection
EndProject
Project("{9A19103F-16F7-4668-BE54-9A1E7A4F7556}") = "problem2051E", "..\problem2051E\problem2051E.csproj", "{FAF2B493-4F37-4086-8418-EDEF77D99695}"
EndProject
Project("{2150E333-8FDC-42A3-9474-1A3956D46DE8}") = "Solution Items", "Solution Items", "{C32B8491-314D-42C4-A744-4616A51BC7F7}"
EndProject
Global
	GlobalSection(SolutionConfigurationPlatforms) = preSolution
		Debug|Any CPU = Debug|Any CPU
		Release|Any CPU = Release|Any CPU
	EndGlobalSection
	GlobalSection(ProjectConfigurationPlatforms) = postSolution
		{EE2E0693-22DD-452B-9B81-1517084562F0}.Debug|Any CPU.ActiveCfg = Debug|Any CPU
		{EE2E0693-22DD-452B-9B81-1517084562F0}.Debug|Any CPU.Build.0 = Debug|Any CPU
		{EE2E0693-22DD-452B-9B81-1517084562F0}.Release|Any CPU.ActiveCfg = Release|Any CPU
		{EE2E0693-22DD-452B-9B81-1517084562F0}.Release|Any CPU.Build.0 = Release|Any CPU
		{FAF2B493-4F37-4086-8418-EDEF77D99695}.Debug|Any CPU.ActiveCfg = Debug|Any CPU
		{FAF2B493-4F37-4086-8418-EDEF77D99695}.Debug|Any CPU.Build.0 = Debug|Any CPU
		{FAF2B493-4F37-4086-8418-EDEF77D99695}.Release|Any CPU.ActiveCfg = Release|Any CPU
		{FAF2B493-4F37-4086-8418-EDEF77D99695}.Release|Any CPU.Build.0 = Release|Any CPU
	EndGlobalSection
	GlobalSection(SolutionProperties) = preSolution
		HideSolutionNode = FALSE
	EndGlobalSection
	GlobalSection(ExtensibilityGlobals) = postSolution
		SolutionGuid = {3BE9715D-7996-4909-9273-D586DF73B2D0}
	EndGlobalSection
EndGlobal
